
Microsoft Visual Studio Solution File, Format Version 12.00
# Visual Studio Version 17
VisualStudioVersion = 17.3.32825.248
MinimumVisualStudioVersion = 10.0.40219.1
Project("{FAE04EC0-301F-11D3-BF4B-00C04F79EFBC}") = "AspNetMvcCRUD", "AspNetMvcCRUD\AspNetMvcCRUD.csproj", "{76805A53-C44D-497C-AEFB-85988AA87C7F}"
EndProject
Global
	GlobalSection(SolutionConfigurationPlatforms) = preSolution
		Debug|Any CPU = Debug|Any CPU
		Release|Any CPU = Release|Any CPU
	EndGlobalSection
	GlobalSection(ProjectConfigurationPlatforms) = postSolution
		{76805A53-C44D-497C-AEFB-85988AA87C7F}.Debug|Any CPU.ActiveCfg = Debug|Any CPU
		{76805A53-C44D-497C-AEFB-85988AA87C7F}.Debug|Any CPU.Build.0 = Debug|Any CPU
		{76805A53-C44D-497C-AEFB-85988AA87C7F}.Release|Any CPU.ActiveCfg = Release|Any CPU
		{76805A53-C44D-497C-AEFB-85988AA87C7F}.Release|Any CPU.Build.0 = Release|Any CPU
	EndGlobalSection
	GlobalSection(SolutionProperties) = preSolution
		HideSolutionNode = FALSE
	EndGlobalSection
	GlobalSection(ExtensibilityGlobals) = postSolution
		SolutionGuid = {EEB096DE-84ED-4FF1-8710-64993A0F8033}
	EndGlobalSection
EndGlobal
